Microsoft Visual Studio Solution File, Format Version 12.00
# Visual Studio 2012
Project("{8BC9CEB8-8B4A-11D0-8D11-00A0C91BC942}") = "catchit", "catchit.vcxproj", "{7FD42DF7-442E-479A-BA76-D0022F99702A}"
EndProject
Project("{8BC9CEB8-8B4A-11D0-8D11-00A0C91BC942}") = "openframeworksLib", "..\..\..\libs\openFrameworksCompiled\project\vs\openframeworksLib.vcxproj", "{5837595D-ACA9-485C-8E76-729040CE4B0B}"
EndProject
Project("{8BC9CEB8-8B4A-11D0-8D11-00A0C91BC942}") = "CatchIt02", "..\CatchIt02\CatchIt02.vcxproj", "{FB89EFC3-9DAF-48D5-AD32-1212780982FC}"
EndProject
Project("{8BC9CEB8-8B4A-11D0-8D11-00A0C91BC942}") = "Catchit_v03", "..\Catchit_v03\Catchit_v03.vcxproj", "{9B2570F5-C340-427A-8D1E-019A3309ACDD}"
EndProject
Project("{8BC9CEB8-8B4A-11D0-8D11-00A0C91BC942}") = "Catchit_v04", "..\Catchit_v04\Catchit_v04.vcxproj", "{AEFF30A7-FC93-4C64-99A7-59B5C1239F07}"
EndProject
Global
	GlobalSection(SolutionConfigurationPlatforms) = preSolution
		Debug|Win32 = Debug|Win32
		Release|Win32 = Release|Win32
	EndGlobalSection
	GlobalSection(ProjectConfigurationPlatforms) = postSolution
		{7FD42DF7-442E-479A-BA76-D0022F99702A}.Debug|Win32.ActiveCfg = Debug|Win32
		{7FD42DF7-442E-479A-BA76-D0022F99702A}.Debug|Win32.Build.0 = Debug|Win32
		{7FD42DF7-442E-479A-BA76-D0022F99702A}.Release|Win32.ActiveCfg = Release|Win32
		{7FD42DF7-442E-479A-BA76-D0022F99702A}.Release|Win32.Build.0 = Release|Win32
		{5837595D-ACA9-485C-8E76-729040CE4B0B}.Debug|Win32.ActiveCfg = Debug|Win32
		{5837595D-ACA9-485C-8E76-729040CE4B0B}.Debug|Win32.Build.0 = Debug|Win32
		{5837595D-ACA9-485C-8E76-729040CE4B0B}.Release|Win32.ActiveCfg = Release|Win32
		{5837595D-ACA9-485C-8E76-729040CE4B0B}.Release|Win32.Build.0 = Release|Win32
		{FB89EFC3-9DAF-48D5-AD32-1212780982FC}.Debug|Win32.ActiveCfg = Debug|Win32
		{FB89EFC3-9DAF-48D5-AD32-1212780982FC}.Debug|Win32.Build.0 = Debug|Win32
		{FB89EFC3-9DAF-48D5-AD32-1212780982FC}.Release|Win32.ActiveCfg = Release|Win32
		{FB89EFC3-9DAF-48D5-AD32-1212780982FC}.Release|Win32.Build.0 = Release|Win32
		{9B2570F5-C340-427A-8D1E-019A3309ACDD}.Debug|Win32.ActiveCfg = Debug|Win32
		{9B2570F5-C340-427A-8D1E-019A3309ACDD}.Debug|Win32.Build.0 = Debug|Win32
		{9B2570F5-C340-427A-8D1E-019A3309ACDD}.Release|Win32.ActiveCfg = Release|Win32
		{9B2570F5-C340-427A-8D1E-019A3309ACDD}.Release|Win32.Build.0 = Release|Win32
		{AEFF30A7-FC93-4C64-99A7-59B5C1239F07}.Debug|Win32.ActiveCfg = Debug|Win32
		{AEFF30A7-FC93-4C64-99A7-59B5C1239F07}.Debug|Win32.Build.0 = Debug|Win32
		{AEFF30A7-FC93-4C64-99A7-59B5C1239F07}.Release|Win32.ActiveCfg = Release|Win32
		{AEFF30A7-FC93-4C64-99A7-59B5C1239F07}.Release|Win32.Build.0 = Release|Win32
	EndGlobalSection
	GlobalSection(SolutionProperties) = preSolution
		HideSolutionNode = FALSE
	EndGlobalSection
EndGlobal
